
Microsoft Visual Studio Solution File, Format Version 12.00
# Visual Studio Version 17
VisualStudioVersion = 17.1.32319.34
MinimumVisualStudioVersion = 10.0.40219.1
Project("{9A19103F-16F7-4668-BE54-9A1E7A4F7556}") = "DFQXYU_HFT_2021221.Client", "DFQXYU_HFT_2021221.Client\DFQXYU_HFT_2021221.Client.csproj", "{6A4FBEAB-3953-4F03-8B75-AFD5DFBA74A3}"
	ProjectSection(ProjectDependencies) = postProject
		{74525102-EBA0-4CBA-9D23-698347C4AB5E} = {74525102-EBA0-4CBA-9D23-698347C4AB5E}
		{37FF4169-34DB-49E9-854A-617FFAA5BC3C} = {37FF4169-34DB-49E9-854A-617FFAA5BC3C}
		{705B25C4-1B27-4448-BE03-369D932E0652} = {705B25C4-1B27-4448-BE03-369D932E0652}
	EndProjectSection
EndProject
Project("{9A19103F-16F7-4668-BE54-9A1E7A4F7556}") = "DFQXYU_HFT_2021221.Models", "DFQXYU_HFT_2021221.Models\DFQXYU_HFT_2021221.Models.csproj", "{1CEE74E7-21A2-4A5C-91ED-711F42B3B1B8}"
EndProject
Project("{9A19103F-16F7-4668-BE54-9A1E7A4F7556}") = "DFQXYU_HFT_2021221.Data", "DFQXYU_HFT_2021221.Data\DFQXYU_HFT_2021221.Data.csproj", "{74525102-EBA0-4CBA-9D23-698347C4AB5E}"
EndProject
Project("{9A19103F-16F7-4668-BE54-9A1E7A4F7556}") = "DFQXYU_HFT_2021221.Logic", "DFQXYU_HFT_2021221.Logic\DFQXYU_HFT_2021221.Logic.csproj", "{705B25C4-1B27-4448-BE03-369D932E0652}"
EndProject
Project("{9A19103F-16F7-4668-BE54-9A1E7A4F7556}") = "DFQXYU_HFT_2021221.Repository", "DFQXYU_HFT_2021221.Repository\DFQXYU_HFT_2021221.Repository.csproj", "{37FF4169-34DB-49E9-854A-617FFAA5BC3C}"
EndProject
Project("{9A19103F-16F7-4668-BE54-9A1E7A4F7556}") = "DFQXYU_HFT_2021221.Test", "DFQXYU_HFT_2021221.Test\DFQXYU_HFT_2021221.Test.csproj", "{4C99EF36-7806-46CA-8E5D-5A61E28413DF}"
EndProject
Project("{2150E333-8FDC-42A3-9474-1A3956D46DE8}") = "Backend", "Backend", "{F6D2E6D2-727F-4381-9A27-7A272A0AC9A6}"
EndProject
Project("{2150E333-8FDC-42A3-9474-1A3956D46DE8}") = "Frontend", "Frontend", "{B52409DF-FE4D-45C5-AFA7-FC2615DA842B}"
EndProject
Project("{2150E333-8FDC-42A3-9474-1A3956D46DE8}") = "Shared", "Shared", "{B56D2806-F4D6-4653-88A9-E5EBD5D3061E}"
EndProject
Project("{2150E333-8FDC-42A3-9474-1A3956D46DE8}") = "Others", "Others", "{8C20D4CC-1E9D-4EF9-8B0B-F7729E1D0BEA}"
	ProjectSection(SolutionItems) = preProject
		.gitignore = .gitignore
	EndProjectSection
EndProject
Project("{9A19103F-16F7-4668-BE54-9A1E7A4F7556}") = "DFQXYU_HFT_2021221.WpfClient", "DFQXYU_HFT_2021221.WpfClient\DFQXYU_HFT_2021221.WpfClient.csproj", "{67891561-1315-4363-A2A6-5AC18EE5186B}"
EndProject
Project("{9A19103F-16F7-4668-BE54-9A1E7A4F7556}") = "DFQXYU_HFT_2021222.Endpoint", "DFQXYU_HFT_2021222.Endpoint\DFQXYU_HFT_2021222.Endpoint.csproj", "{4484E84B-79D8-448F-88F9-82D7BFA4B7FF}"
EndProject
Project("{FAE04EC0-301F-11D3-BF4B-00C04F79EFBC}") = "DFQXYU_GUI_2021222.JSClient", "DFQXYU_GUI_2021222.JSClient\DFQXYU_GUI_2021222.JSClient.csproj", "{3C0FAE04-703B-457C-B274-44998B889D0E}"
EndProject
Global
	GlobalSection(SolutionConfigurationPlatforms) = preSolution
		Debug|Any CPU = Debug|Any CPU
		Release|Any CPU = Release|Any CPU
	EndGlobalSection
	GlobalSection(ProjectConfigurationPlatforms) = postSolution
		{6A4FBEAB-3953-4F03-8B75-AFD5DFBA74A3}.Debug|Any CPU.ActiveCfg = Debug|Any CPU
		{6A4FBEAB-3953-4F03-8B75-AFD5DFBA74A3}.Debug|Any CPU.Build.0 = Debug|Any CPU
		{6A4FBEAB-3953-4F03-8B75-AFD5DFBA74A3}.Release|Any CPU.ActiveCfg = Release|Any CPU
		{6A4FBEAB-3953-4F03-8B75-AFD5DFBA74A3}.Release|Any CPU.Build.0 = Release|Any CPU
		{1CEE74E7-21A2-4A5C-91ED-711F42B3B1B8}.Debug|Any CPU.ActiveCfg = Debug|Any CPU
		{1CEE74E7-21A2-4A5C-91ED-711F42B3B1B8}.Debug|Any CPU.Build.0 = Debug|Any CPU
		{1CEE74E7-21A2-4A5C-91ED-711F42B3B1B8}.Release|Any CPU.ActiveCfg = Release|Any CPU
		{1CEE74E7-21A2-4A5C-91ED-711F42B3B1B8}.Release|Any CPU.Build.0 = Release|Any CPU
		{74525102-EBA0-4CBA-9D23-698347C4AB5E}.Debug|Any CPU.ActiveCfg = Debug|Any CPU
		{74525102-EBA0-4CBA-9D23-698347C4AB5E}.Debug|Any CPU.Build.0 = Debug|Any CPU
		{74525102-EBA0-4CBA-9D23-698347C4AB5E}.Release|Any CPU.ActiveCfg = Release|Any CPU
		{74525102-EBA0-4CBA-9D23-698347C4AB5E}.Release|Any CPU.Build.0 = Release|Any CPU
		{705B25C4-1B27-4448-BE03-369D932E0652}.Debug|Any CPU.ActiveCfg = Debug|Any CPU
		{705B25C4-1B27-4448-BE03-369D932E0652}.Debug|Any CPU.Build.0 = Debug|Any CPU
		{705B25C4-1B27-4448-BE03-369D932E0652}.Release|Any CPU.ActiveCfg = Release|Any CPU
		{705B25C4-1B27-4448-BE03-369D932E0652}.Release|Any CPU.Build.0 = Release|Any CPU
		{37FF4169-34DB-49E9-854A-617FFAA5BC3C}.Debug|Any CPU.ActiveCfg = Debug|Any CPU
		{37FF4169-34DB-49E9-854A-617FFAA5BC3C}.Debug|Any CPU.Build.0 = Debug|Any CPU
		{37FF4169-34DB-49E9-854A-617FFAA5BC3C}.Release|Any CPU.ActiveCfg = Release|Any CPU
		{37FF4169-34DB-49E9-854A-617FFAA5BC3C}.Release|Any CPU.Build.0 = Release|Any CPU
		{4C99EF36-7806-46CA-8E5D-5A61E28413DF}.Debug|Any CPU.ActiveCfg = Debug|Any CPU
		{4C99EF36-7806-46CA-8E5D-5A61E28413DF}.Debug|Any CPU.Build.0 = Debug|Any CPU
		{4C99EF36-7806-46CA-8E5D-5A61E28413DF}.Release|Any CPU.ActiveCfg = Release|Any CPU
		{4C99EF36-7806-46CA-8E5D-5A61E28413DF}.Release|Any CPU.Build.0 = Release|Any CPU
		{67891561-1315-4363-A2A6-5AC18EE5186B}.Debug|Any CPU.ActiveCfg = Debug|Any CPU
		{67891561-1315-4363-A2A6-5AC18EE5186B}.Debug|Any CPU.Build.0 = Debug|Any CPU
		{67891561-1315-4363-A2A6-5AC18EE5186B}.Release|Any CPU.ActiveCfg = Release|Any CPU
		{67891561-1315-4363-A2A6-5AC18EE5186B}.Release|Any CPU.Build.0 = Release|Any CPU
		{4484E84B-79D8-448F-88F9-82D7BFA4B7FF}.Debug|Any CPU.ActiveCfg = Debug|Any CPU
		{4484E84B-79D8-448F-88F9-82D7BFA4B7FF}.Debug|Any CPU.Build.0 = Debug|Any CPU
		{4484E84B-79D8-448F-88F9-82D7BFA4B7FF}.Release|Any CPU.ActiveCfg = Release|Any CPU
		{4484E84B-79D8-448F-88F9-82D7BFA4B7FF}.Release|Any CPU.Build.0 = Release|Any CPU
		{3C0FAE04-703B-457C-B274-44998B889D0E}.Debug|Any CPU.ActiveCfg = Debug|Any CPU
		{3C0FAE04-703B-457C-B274-44998B889D0E}.Debug|Any CPU.Build.0 = Debug|Any CPU
		{3C0FAE04-703B-457C-B274-44998B889D0E}.Release|Any CPU.ActiveCfg = Release|Any CPU
		{3C0FAE04-703B-457C-B274-44998B889D0E}.Release|Any CPU.Build.0 = Release|Any CPU
	EndGlobalSection
	GlobalSection(SolutionProperties) = preSolution
		HideSolutionNode = FALSE
	EndGlobalSection
	GlobalSection(NestedProjects) = preSolution
		{6A4FBEAB-3953-4F03-8B75-AFD5DFBA74A3} = {B52409DF-FE4D-45C5-AFA7-FC2615DA842B}
		{1CEE74E7-21A2-4A5C-91ED-711F42B3B1B8} = {B56D2806-F4D6-4653-88A9-E5EBD5D3061E}
		{74525102-EBA0-4CBA-9D23-698347C4AB5E} = {F6D2E6D2-727F-4381-9A27-7A272A0AC9A6}
		{705B25C4-1B27-4448-BE03-369D932E0652} = {F6D2E6D2-727F-4381-9A27-7A272A0AC9A6}
		{37FF4169-34DB-49E9-854A-617FFAA5BC3C} = {F6D2E6D2-727F-4381-9A27-7A272A0AC9A6}
		{4C99EF36-7806-46CA-8E5D-5A61E28413DF} = {F6D2E6D2-727F-4381-9A27-7A272A0AC9A6}
		{67891561-1315-4363-A2A6-5AC18EE5186B} = {B52409DF-FE4D-45C5-AFA7-FC2615DA842B}
		{4484E84B-79D8-448F-88F9-82D7BFA4B7FF} = {F6D2E6D2-727F-4381-9A27-7A272A0AC9A6}
		{3C0FAE04-703B-457C-B274-44998B889D0E} = {B52409DF-FE4D-45C5-AFA7-FC2615DA842B}
	EndGlobalSection
	GlobalSection(ExtensibilityGlobals) = postSolution
		SolutionGuid = {F1725260-3981-4287-B380-7616809F24AD}
	EndGlobalSection
EndGlobal
